{
  "version": 4,
  "terraform_version": "1.6.0",
  "serial": 3,
  "lineage": "28a1fd87-002a-efc6-4622-37fa7d1408c5",
  "outputs": {
    "app_server_ip_address": {
      "value": "192.34.60.200",
      "type": "string"
    }
  },
  "resources": [
    {
      "mode": "managed",
      "type": "digitalocean_droplet",
      "name": "app_server",
      "provider": "provider[\"registry.opentofu.org/digitalocean/digitalocean\"]",
      "instances": [
        {
          "schema_version": 1,
          "attributes": {
            "backups": false,
            "created_at": "2023-11-25T13:49:33Z",
            "disk": 25,
            "droplet_agent": null,
            "graceful_shutdown": false,
            "id": "386850062",
            "image": "debian-12-x64",
            "ipv4_address": "192.34.60.200",
            "ipv4_address_private": "10.136.0.2",
            "ipv6": false,
            "ipv6_address": "",
            "locked": false,
            "memory": 1024,
            "monitoring": true,
            "name": "app-server",
            "price_hourly": 0.00893,
            "price_monthly": 6,
            "private_networking": true,
            "region": "nyc1",
            "resize_disk": true,
            "size": "s-1vcpu-1gb",
            "ssh_keys": [
              "a3:cd:fd:e8:5d:49:e2:dc:ee:6a:d6:34:16:3e:10:97"
            ],
            "status": "active",
            "tags": null,
            "timeouts": null,
            "urn": "do:droplet:386850062",
            "user_data": null,
            "vcpus": 1,
            "volume_ids": [],
            "vpc_uuid": "b1ebe9a1-fe49-4355-8940-71d6afef35d5"
          },
          "sensitive_attributes": [],
          "private": "eyJlMmJmYjczMC1lY2FhLTExZTYtOGY4OC0zNDM2M2JjN2M0YzAiOnsiY3JlYXRlIjozNjAwMDAwMDAwMDAwLCJkZWxldGUiOjYwMDAwMDAwMDAwLCJ1cGRhdGUiOjM2MDAwMDAwMDAwMDB9LCJzY2hlbWFfdmVyc2lvbiI6IjEifQ==",
          "dependencies": [
            "digitalocean_ssh_key.javadominicano_ssh_key"
          ]
        }
      ]
    },
    {
      "mode": "managed",
      "type": "digitalocean_ssh_key",
      "name": "javadominicano_ssh_key",
      "provider": "provider[\"registry.opentofu.org/digitalocean/digitalocean\"]",
      "instances": [
        {
          "schema_version": 0,
          "attributes": {
            "fingerprint": "a3:cd:fd:e8:5d:49:e2:dc:ee:6a:d6:34:16:3e:10:97",
            "id": "40092602",
            "name": "javadominicano-ssh-key",
            "public_key": "ssh-rsa AAAAB3NzaC1yc2EAAAADAQABAAABgQDBwahoKsc2zwyGb3F48qO/UKfvQiQ+jKOrg7M1llby6F1nN+wwBmiDPHhob3qyJKmFp6bEChW3L0l0H5Ov2xn7jvZ+BjvO080qQjm6Ehm7OWCdrSt6w5UK2nBIqJtKEiS5ATxigaTFWAHcpDGK+SVGTq6Hf9XaPOkheuKtEUHmleoeMZ7LFj8QkQqlg3JhRGuraw47ARiApNelAdxEhntm5LAfrDwCJ+FYT7MMHE+KCZ4Huhp1WPc1kR5pUGpKzGHAc/ZG6YmVtPYR3+egPuKnCxq+3HM3NEV7h70okwVRfk0ynmhpeT+bSVvWZP7spNAELED513FkqYyuvKfIqoWAEbJdtZU/4lcPUIR6Ywm2A9sQacm1hhU+Hub4QfiXB+SFQ9MV2l926b6SfDXWcWxPN31bnNcvNlC+PMSoOAwVK9GB/rxSg9y7c8wVBSbnyOutLrcGOcrno6jGGvz6RmrID5d5vBM2vSBZf9eE49+pXktb2IGkLYzjkOOb9dIPXw0= hectorvent@Hectors-MacBook-Pro.local\n"
          },
          "sensitive_attributes": [],
          "private": "bnVsbA=="
        }
      ]
    }
  ],
  "check_results": null
}
