{
  "version": 4,
  "terraform_version": "1.6.0",
  "serial": 1,
  "lineage": "55d6c5c7-7d6b-d1bc-4b95-199db6647c8d",
  "outputs": {},
  "resources": [
    {
      "mode": "managed",
      "type": "digitalocean_droplet",
      "name": "web_server",
      "provider": "provider[\"registry.opentofu.org/digitalocean/digitalocean\"]",
      "instances": [
        {
          "schema_version": 1,
          "attributes": {
            "backups": false,
            "created_at": "2023-11-25T01:37:11Z",
            "disk": 25,
            "droplet_agent": null,
            "graceful_shutdown": false,
            "id": "386773578",
            "image": "debian-12-x64",
            "ipv4_address": "137.184.128.212",
            "ipv4_address_private": "10.136.0.2",
            "ipv6": false,
            "ipv6_address": "",
            "locked": false,
            "memory": 1024,
            "monitoring": false,
            "name": "web-server-demo",
            "price_hourly": 0.00893,
            "price_monthly": 6,
            "private_networking": true,
            "region": "nyc1",
            "resize_disk": true,
            "size": "s-1vcpu-1gb",
            "ssh_keys": null,
            "status": "active",
            "tags": null,
            "timeouts": null,
            "urn": "do:droplet:386773578",
            "user_data": null,
            "vcpus": 1,
            "volume_ids": [],
            "vpc_uuid": "b1ebe9a1-fe49-4355-8940-71d6afef35d5"
          },
          "sensitive_attributes": [],
          "private": "eyJlMmJmYjczMC1lY2FhLTExZTYtOGY4OC0zNDM2M2JjN2M0YzAiOnsiY3JlYXRlIjozNjAwMDAwMDAwMDAwLCJkZWxldGUiOjYwMDAwMDAwMDAwLCJ1cGRhdGUiOjM2MDAwMDAwMDAwMDB9LCJzY2hlbWFfdmVyc2lvbiI6IjEifQ=="
        }
      ]
    }
  ],
  "check_results": null
}
